{
  "name": "get-csvs",
  "version": "0.0.1",
  "lockfileVersion": 1,
  "requires": true,
  "dependencies": {
    "byline": {
      "version": "5.0.0",
      "resolved": "https://registry.npmjs.org/byline/-/byline-5.0.0.tgz",
      "integrity": "sha1-dBxSFkaOrcRXsDQQEYrXfejB3bE="
    },
    "stream-stream": {
      "version": "1.2.6",
      "resolved": "https://registry.npmjs.org/stream-stream/-/stream-stream-1.2.6.tgz",
      "integrity": "sha1-qa4HHGTBG4WE9Slz93FeN+UUTEM="
    }
  }
}
